
Microsoft Visual Studio Solution File, Format Version 12.00
# Visual Studio Version 16
VisualStudioVersion = 16.0.30621.155
MinimumVisualStudioVersion = 10.0.40219.1
Project("{9A19103F-16F7-4668-BE54-9A1E7A4F7556}") = "microMantra", "microMantra.csproj", "{3A2AEE71-7E7C-424A-865A-0E840512C5BA}"
EndProject
Project("{E53339B2-1760-4266-BCC7-CA923CBCF16C}") = "docker-compose", "docker-compose.dcproj", "{FAF2B0DF-B02A-4F5C-9C7B-2FBBEBD58CCB}"
EndProject
Global
	GlobalSection(SolutionConfigurationPlatforms) = preSolution
		Debug|Any CPU = Debug|Any CPU
		Release|Any CPU = Release|Any CPU
	EndGlobalSection
	GlobalSection(ProjectConfigurationPlatforms) = postSolution
		{3A2AEE71-7E7C-424A-865A-0E840512C5BA}.Debug|Any CPU.ActiveCfg = Debug|Any CPU
		{3A2AEE71-7E7C-424A-865A-0E840512C5BA}.Debug|Any CPU.Build.0 = Debug|Any CPU
		{3A2AEE71-7E7C-424A-865A-0E840512C5BA}.Release|Any CPU.ActiveCfg = Release|Any CPU
		{3A2AEE71-7E7C-424A-865A-0E840512C5BA}.Release|Any CPU.Build.0 = Release|Any CPU
		{FAF2B0DF-B02A-4F5C-9C7B-2FBBEBD58CCB}.Debug|Any CPU.ActiveCfg = Debug|Any CPU
		{FAF2B0DF-B02A-4F5C-9C7B-2FBBEBD58CCB}.Debug|Any CPU.Build.0 = Debug|Any CPU
		{FAF2B0DF-B02A-4F5C-9C7B-2FBBEBD58CCB}.Release|Any CPU.ActiveCfg = Release|Any CPU
		{FAF2B0DF-B02A-4F5C-9C7B-2FBBEBD58CCB}.Release|Any CPU.Build.0 = Release|Any CPU
	EndGlobalSection
	GlobalSection(SolutionProperties) = preSolution
		HideSolutionNode = FALSE
	EndGlobalSection
	GlobalSection(ExtensibilityGlobals) = postSolution
		SolutionGuid = {EBFAA7A2-D192-4C5E-BF3E-C40F90FD9894}
	EndGlobalSection
EndGlobal
